// !$*UTF8*$!
{
	archiveVersion = 1;
	classes = {
	};
	objectVersion = 54;
	objects = {

/* Begin PBXBuildFile section */
		00E356F31AD99517003FC87E /* MovieAppTests.m in Sources */ = {isa = PBXBuildFile; fileRef = 00E356F21AD99517003FC87E /* MovieAppTests.m */; };
		0C80B921A6F3F58F76C31292 /* libPods-MovieApp.a in Frameworks */ = {isa = PBXBuildFile; fileRef = 5DCACB8F33CDC322A6C60F78 /* libPods-MovieApp.a */; };
		13B07FBC1A68108700A75B9A /* AppDelegate.mm in Sources */ = {isa = PBXBuildFile; fileRef = 13B07FB01A68108700A75B9A /* AppDelegate.mm */; };
		13B07FBF1A68108700A75B9A /* Images.xcassets in Resources */ = {isa = PBXBuildFile; fileRef = 13B07FB51A68108700A75B9A /* Images.xcassets */; };
		13B07FC11A68108700A75B9A /* main.m in Sources */ = {isa = PBXBuildFile; fileRef = 13B07FB71A68108700A75B9A /* main.m */; };
		7699B88040F8A987B510C191 /* libPods-MovieApp-MovieAppTests.a in Frameworks */ = {isa = PBXBuildFile; fileRef = 19F6CBCC0A4E27FBF8BF4A61 /* libPods-MovieApp-MovieAppTests.a */; };
		81AB9BB82411601600AC10FF /* LaunchScreen.storyboard in Resources */ = {isa = PBXBuildFile; fileRef = 81AB9BB72411601600AC10FF /* LaunchScreen.storyboard */; };
		2B872E91A80B42A098C95185 /* app_icons.ttf in Resources */ = {isa = PBXBuildFile; fileRef = ACC64ECBB8624EF09F55D867 /* app_icons.ttf */; };
		F6A83440B9534E7D8A423760 /* Poppins-Black.ttf in Resources */ = {isa = PBXBuildFile; fileRef = 67F5545BD72041F6A41A2136 /* Poppins-Black.ttf */; };
		5C7E894BF67A4D11A2D97B11 /* Poppins-Bold.ttf in Resources */ = {isa = PBXBuildFile; fileRef = 444C97B53FC949C89DEC1FFE /* Poppins-Bold.ttf */; };
		06739677645841B186D14A86 /* Poppins-ExtraBold.ttf in Resources */ = {isa = PBXBuildFile; fileRef = FE2150EA4C1B491DBADD2D51 /* Poppins-ExtraBold.ttf */; };
		281908D54BB24B6293C62C8C /* Poppins-ExtraLight.ttf in Resources */ = {isa = PBXBuildFile; fileRef = C115ECC6E4044F43994E5CC5 /* Poppins-ExtraLight.ttf */; };
		F89ECE777BDE4A8DAE0756AB /* Poppins-Light.ttf in Resources */ = {isa = PBXBuildFile; fileRef = ED0757769B0F4E8291DB619F /* Poppins-Light.ttf */; };
		AAE92008B8E34D289DBC2EAA /* Poppins-Medium.ttf in Resources */ = {isa = PBXBuildFile; fileRef = D35FDDF437B940DDB39A7A69 /* Poppins-Medium.ttf */; };
		2001724E24A246B195A7BBEE /* Poppins-Regular.ttf in Resources */ = {isa = PBXBuildFile; fileRef = 7100A3F8C9934BFFA44B3AB3 /* Poppins-Regular.ttf */; };
		C131417C2FCB42A69EEB49B2 /* Poppins-SemiBold.ttf in Resources */ = {isa = PBXBuildFile; fileRef = C50E1624C61A499CB41CA5CA /* Poppins-SemiBold.ttf */; };
		09C2B31CACF04823B321B0D4 /* Poppins-Thin.ttf in Resources */ = {isa = PBXBuildFile; fileRef = 573393A94491465F895647AD /* Poppins-Thin.ttf */; };
		DADED174496244FF844F2120 /* amazonpay.png in Resources */ = {isa = PBXBuildFile; fileRef = EFE9C937C84C49FAB047B602 /* amazonpay.png */; };
		C2BB427B596C48229648A368 /* applepay.png in Resources */ = {isa = PBXBuildFile; fileRef = EE9D1E3525C04E5C9F16F3D3 /* applepay.png */; };
		5D61710576D4412F9B8D8DE0 /* avatar.png in Resources */ = {isa = PBXBuildFile; fileRef = 1C351D2F075C44FEB1D72B1A /* avatar.png */; };
		FBDCFB04B89C49CC8A7C5583 /* gpay.png in Resources */ = {isa = PBXBuildFile; fileRef = 1BEA0DF29B9C4F38AC66F669 /* gpay.png */; };
		56B85323B2914769B8B5DAB2 /* americano_pic_1_portrait.png in Resources */ = {isa = PBXBuildFile; fileRef = D0987F2E55F64DF4A248685E /* americano_pic_1_portrait.png */; };
		B78A083D7391472AA2722883 /* americano_pic_2_portrait.png in Resources */ = {isa = PBXBuildFile; fileRef = 0DBA9F4F801F4B77B476569F /* americano_pic_2_portrait.png */; };
		1C7650CB9CAC4EBC9784812B /* americano_pic_3_portrait.png in Resources */ = {isa = PBXBuildFile; fileRef = 4D822F2A08704FC8BBE0620B /* americano_pic_3_portrait.png */; };
		91E631AE0DEF4CD0B36CDF99 /* americano_pic_1_square.png in Resources */ = {isa = PBXBuildFile; fileRef = 78611AD0D00048E287ABE82E /* americano_pic_1_square.png */; };
		8CE087652AED4AC18F7163B8 /* americano_pic_2_square.png in Resources */ = {isa = PBXBuildFile; fileRef = 30A532FABFD4494294988095 /* americano_pic_2_square.png */; };
		0CB6E4084D9D446AAD42E9C7 /* americano_pic_3_square.png in Resources */ = {isa = PBXBuildFile; fileRef = 6134C0D34AD4468B8A39C260 /* americano_pic_3_square.png */; };
		AA11CC2D74104B15B5708681 /* arabica_coffee_beans_portrait.png in Resources */ = {isa = PBXBuildFile; fileRef = 7F5F2E67B03D43C38FF3AC3F /* arabica_coffee_beans_portrait.png */; };
		F12E314C5F9F4BF29717DF0F /* arabica_coffee_beans_square.png in Resources */ = {isa = PBXBuildFile; fileRef = 965BE9F74DA8447EB33A9CD9 /* arabica_coffee_beans_square.png */; };
		AA26EAFC11F745A8B7F9CF19 /* black_coffee_pic_1_portrait.png in Resources */ = {isa = PBXBuildFile; fileRef = F82F9E1740764D12A0D9D63A /* black_coffee_pic_1_portrait.png */; };
		C4EFA425386B4B78BD464E29 /* black_coffee_pic_2_portrait.png in Resources */ = {isa = PBXBuildFile; fileRef = 8DD6E7ACD26946388B2579F8 /* black_coffee_pic_2_portrait.png */; };
		BE05CA6B965546E0ACEF10B6 /* black_coffee_pic_3_portrait.png in Resources */ = {isa = PBXBuildFile; fileRef = 9901123C57B344FC9E82C3F6 /* black_coffee_pic_3_portrait.png */; };
		FC313CCB57A546538E1A142E /* black_coffee_pic_1_square.png in Resources */ = {isa = PBXBuildFile; fileRef = 692F89AD82F54387AA5755BA /* black_coffee_pic_1_square.png */; };
		300895EBB46C42829E1088C5 /* black_coffee_pic_2_square.png in Resources */ = {isa = PBXBuildFile; fileRef = D942CAA9BA494FDCB4330A5A /* black_coffee_pic_2_square.png */; };
		922A6C424DED467B8BA06D0E /* black_coffee_pic_3_square.png in Resources */ = {isa = PBXBuildFile; fileRef = 515C4B275D314A7ABC6FB8AC /* black_coffee_pic_3_square.png */; };
		BB6262937674469682B08CFD /* cappuccino_pic_1_portrait.png in Resources */ = {isa = PBXBuildFile; fileRef = 6A2EDC1713674C589475330E /* cappuccino_pic_1_portrait.png */; };
		B58A1196E6C8453A8324AC03 /* cappuccino_pic_2_portrait.png in Resources */ = {isa = PBXBuildFile; fileRef = 26217ACABE3047A28B2A3F7D /* cappuccino_pic_2_portrait.png */; };
		A489F3A2EDE9463C9D51AC6D /* cappuccino_pic_3_portrait.png in Resources */ = {isa = PBXBuildFile; fileRef = 20ECC869134B49D1A39B995A /* cappuccino_pic_3_portrait.png */; };
		C41AC2CE7A3E4BD390036583 /* cappuccino_pic_1_square.png in Resources */ = {isa = PBXBuildFile; fileRef = E433128377314CEC8246A743 /* cappuccino_pic_1_square.png */; };
		1736A829DE184D15A26429DA /* cappuccino_pic_2_square.png in Resources */ = {isa = PBXBuildFile; fileRef = A02BD063711645D18030C358 /* cappuccino_pic_2_square.png */; };
		A19EDBEE3C32460B94BAFAC5 /* cappuccino_pic_3_square.png in Resources */ = {isa = PBXBuildFile; fileRef = E0791D0BFCD1437390082BF1 /* cappuccino_pic_3_square.png */; };
		3A59FFC966C34C6CA8AB0A41 /* espresso_pic_1_portrait.png in Resources */ = {isa = PBXBuildFile; fileRef = B466F13A02B94188834C3BC6 /* espresso_pic_1_portrait.png */; };
		16F943826E0349D5BD76FC00 /* espresso_pic_2_portrait.png in Resources */ = {isa = PBXBuildFile; fileRef = AB1D793F4A6A4AC7817354F7 /* espresso_pic_2_portrait.png */; };
		21D599E15561483F82C1A12A /* espresso_pic_3_portrait.png in Resources */ = {isa = PBXBuildFile; fileRef = 6B9D96D132024ED084E7798B /* espresso_pic_3_portrait.png */; };
		832DDE8DE8E5450B890A50F2 /* espresso_pic_1_square.png in Resources */ = {isa = PBXBuildFile; fileRef = D9E331A6C3B24717A42B075F /* espresso_pic_1_square.png */; };
		4F13A04698AF4924B8180DE8 /* espresso_pic_2_square.png in Resources */ = {isa = PBXBuildFile; fileRef = 81A44AFF396C48D5BA718D4C /* espresso_pic_2_square.png */; };
		3F888C7EA0284BCEBF4C0CC4 /* espresso_pic_3_square.png in Resources */ = {isa = PBXBuildFile; fileRef = 2D43D9516EC64FF3A5C466D9 /* espresso_pic_3_square.png */; };
		36EAC9DA25354E22B6F98667 /* excelsa_coffee_beans_portrait.png in Resources */ = {isa = PBXBuildFile; fileRef = 3FDDB919F8EC447787F3C37A /* excelsa_coffee_beans_portrait.png */; };
		85170A82A4D84A14BDE78C80 /* excelsa_coffee_beans_square.png in Resources */ = {isa = PBXBuildFile; fileRef = 12D6254E04D247B1A2005008 /* excelsa_coffee_beans_square.png */; };
		4CC5CDDB139D4E67978DFEB1 /* latte_pic_1_portrait.png in Resources */ = {isa = PBXBuildFile; fileRef = 89E5962FB58143E381861B35 /* latte_pic_1_portrait.png */; };
		69615C49817745BAA14148DE /* latte_pic_2_portrait.png in Resources */ = {isa = PBXBuildFile; fileRef = 86FE046F37F049D28AFD4ABB /* latte_pic_2_portrait.png */; };
		2452A7C236B64957969676FD /* latte_pic_3_portrait.png in Resources */ = {isa = PBXBuildFile; fileRef = DD4D8CE7EDA040EAA54DB0F4 /* latte_pic_3_portrait.png */; };
		A8E16EA4FEB142389E1C020F /* latte_pic_1_square.png in Resources */ = {isa = PBXBuildFile; fileRef = 73C48D37C6B64E19BF2D0A27 /* latte_pic_1_square.png */; };
		74151FF36D8D491D86F28B47 /* latte_pic_2_square.png in Resources */ = {isa = PBXBuildFile; fileRef = 6B9973BFEEB8492E9EF9B66C /* latte_pic_2_square.png */; };
		43801C0E0AEB48DAA32EA2C8 /* latte_pic_3_square.png in Resources */ = {isa = PBXBuildFile; fileRef = 7EFA20B2209B4FFCB352DF3F /* latte_pic_3_square.png */; };
		128B1AEAFCD4497E91A68CA4 /* liberica_coffee_beans_portrait.png in Resources */ = {isa = PBXBuildFile; fileRef = EAC96DBCF6EF46A5A6810116 /* liberica_coffee_beans_portrait.png */; };
		F54E9D06217E4EF49095E145 /* liberica_coffee_beans_square.png in Resources */ = {isa = PBXBuildFile; fileRef = D239BE0AD99749D79816B159 /* liberica_coffee_beans_square.png */; };
		FAC492E50EA34F83AB8B8E45 /* macchiato_pic_1_portrait.png in Resources */ = {isa = PBXBuildFile; fileRef = C0D6C91177FB423B890A3E87 /* macchiato_pic_1_portrait.png */; };
		5997F2E5FB9B49DB963DE357 /* macchiato_pic_2_portrait.png in Resources */ = {isa = PBXBuildFile; fileRef = 8A7C461899F84667AB09A049 /* macchiato_pic_2_portrait.png */; };
		A25995CF2804438A85FAF395 /* macchiato_pic_3_portrait.png in Resources */ = {isa = PBXBuildFile; fileRef = 13E94E9F6FAD44D5A346DC9C /* macchiato_pic_3_portrait.png */; };
		59F2DB410963419E87441906 /* macchiato_pic_1_square.png in Resources */ = {isa = PBXBuildFile; fileRef = 16D4EBF6A83948B0907F509F /* macchiato_pic_1_square.png */; };
		AD82234B216E4DF98574C83A /* macchiato_pic_2_square.png in Resources */ = {isa = PBXBuildFile; fileRef = CFC1F0B2566C4853AE23BCB1 /* macchiato_pic_2_square.png */; };
		741269D1E9064115B6D6130E /* macchiato_pic_3_square.png in Resources */ = {isa = PBXBuildFile; fileRef = F4990BABC37540D6A1BCD001 /* macchiato_pic_3_square.png */; };
		D06A24B557AC48028AE4DE9F /* robusta_coffee_beans_portrait.png in Resources */ = {isa = PBXBuildFile; fileRef = 5E853CE3D8BE4845AEB6AD10 /* robusta_coffee_beans_portrait.png */; };
		CEC2BFEA296F4169922EF58F /* robusta_coffee_beans_square.png in Resources */ = {isa = PBXBuildFile; fileRef = 85E00B21409A45ECA4C2CB89 /* robusta_coffee_beans_square.png */; };
/* End PBXBuildFile section */

/* Begin PBXContainerItemProxy section */
		00E356F41AD99517003FC87E /* PBXContainerItemProxy */ = {
			isa = PBXContainerItemProxy;
			containerPortal = 83CBB9F71A601CBA00E9B192 /* Project object */;
			proxyType = 1;
			remoteGlobalIDString = 13B07F861A680F5B00A75B9A;
			remoteInfo = MovieApp;
		};
/* End PBXContainerItemProxy section */

/* Begin PBXFileReference section */
		00E356EE1AD99517003FC87E /* MovieAppTests.xctest */ = {isa = PBXFileReference; explicitFileType = wrapper.cfbundle; includeInIndex = 0; path = MovieAppTests.xctest; sourceTree = BUILT_PRODUCTS_DIR; };
		00E356F11AD99517003FC87E /* Info.plist */ = {isa = PBXFileReference; lastKnownFileType = text.plist.xml; path = Info.plist; sourceTree = "<group>"; };
		00E356F21AD99517003FC87E /* MovieAppTests.m */ = {isa = PBXFileReference; lastKnownFileType = sourcecode.c.objc; path = MovieAppTests.m; sourceTree = "<group>"; };
		13B07F961A680F5B00A75B9A /* MovieApp.app */ = {isa = PBXFileReference; explicitFileType = wrapper.application; includeInIndex = 0; path = MovieApp.app; sourceTree = BUILT_PRODUCTS_DIR; };
		13B07FAF1A68108700A75B9A /* AppDelegate.h */ = {isa = PBXFileReference; fileEncoding = 4; lastKnownFileType = sourcecode.c.h; name = AppDelegate.h; path = MovieApp/AppDelegate.h; sourceTree = "<group>"; };
		13B07FB01A68108700A75B9A /* AppDelegate.mm */ = {isa = PBXFileReference; fileEncoding = 4; lastKnownFileType = sourcecode.cpp.objcpp; name = AppDelegate.mm; path = MovieApp/AppDelegate.mm; sourceTree = "<group>"; };
		13B07FB51A68108700A75B9A /* Images.xcassets */ = {isa = PBXFileReference; lastKnownFileType = folder.assetcatalog; name = Images.xcassets; path = MovieApp/Images.xcassets; sourceTree = "<group>"; };
		13B07FB61A68108700A75B9A /* Info.plist */ = {isa = PBXFileReference; fileEncoding = 4; lastKnownFileType = text.plist.xml; name = Info.plist; path = MovieApp/Info.plist; sourceTree = "<group>"; };
		13B07FB71A68108700A75B9A /* main.m */ = {isa = PBXFileReference; fileEncoding = 4; lastKnownFileType = sourcecode.c.objc; name = main.m; path = MovieApp/main.m; sourceTree = "<group>"; };
		19F6CBCC0A4E27FBF8BF4A61 /* libPods-MovieApp-MovieAppTests.a */ = {isa = PBXFileReference; explicitFileType = archive.ar; includeInIndex = 0; path = "libPods-MovieApp-MovieAppTests.a"; sourceTree = BUILT_PRODUCTS_DIR; };
		3B4392A12AC88292D35C810B /* Pods-MovieApp.debug.xcconfig */ = {isa = PBXFileReference; includeInIndex = 1; lastKnownFileType = text.xcconfig; name = "Pods-MovieApp.debug.xcconfig"; path = "Target Support Files/Pods-MovieApp/Pods-MovieApp.debug.xcconfig"; sourceTree = "<group>"; };
		5709B34CF0A7D63546082F79 /* Pods-MovieApp.release.xcconfig */ = {isa = PBXFileReference; includeInIndex = 1; lastKnownFileType = text.xcconfig; name = "Pods-MovieApp.release.xcconfig"; path = "Target Support Files/Pods-MovieApp/Pods-MovieApp.release.xcconfig"; sourceTree = "<group>"; };
		5B7EB9410499542E8C5724F5 /* Pods-MovieApp-MovieAppTests.debug.xcconfig */ = {isa = PBXFileReference; includeInIndex = 1; lastKnownFileType = text.xcconfig; name = "Pods-MovieApp-MovieAppTests.debug.xcconfig"; path = "Target Support Files/Pods-MovieApp-MovieAppTests/Pods-MovieApp-MovieAppTests.debug.xcconfig"; sourceTree = "<group>"; };
		5DCACB8F33CDC322A6C60F78 /* libPods-MovieApp.a */ = {isa = PBXFileReference; explicitFileType = archive.ar; includeInIndex = 0; path = "libPods-MovieApp.a"; sourceTree = BUILT_PRODUCTS_DIR; };
		81AB9BB72411601600AC10FF /* LaunchScreen.storyboard */ = {isa = PBXFileReference; fileEncoding = 4; lastKnownFileType = file.storyboard; name = LaunchScreen.storyboard; path = MovieApp/LaunchScreen.storyboard; sourceTree = "<group>"; };
		89C6BE57DB24E9ADA2F236DE /* Pods-MovieApp-MovieAppTests.release.xcconfig */ = {isa = PBXFileReference; includeInIndex = 1; lastKnownFileType = text.xcconfig; name = "Pods-MovieApp-MovieAppTests.release.xcconfig"; path = "Target Support Files/Pods-MovieApp-MovieAppTests/Pods-MovieApp-MovieAppTests.release.xcconfig"; sourceTree = "<group>"; };
		ED297162215061F000B7C4FE /* JavaScriptCore.framework */ = {isa = PBXFileReference; lastKnownFileType = wrapper.framework; name = JavaScriptCore.framework; path = System/Library/Frameworks/JavaScriptCore.framework; sourceTree = SDKROOT; };
		ACC64ECBB8624EF09F55D867 /* app_icons.ttf */ = {isa = PBXFileReference; name = "app_icons.ttf"; path = "../src/assets/fonts/app_icons.ttf"; sourceTree = "<group>"; fileEncoding = undefined; lastKnownFileType = unknown; explicitFileType = undefined; includeInIndex = 0; };
		67F5545BD72041F6A41A2136 /* Poppins-Black.ttf */ = {isa = PBXFileReference; name = "Poppins-Black.ttf"; path = "../src/assets/fonts/Poppins-Black.ttf"; sourceTree = "<group>"; fileEncoding = undefined; lastKnownFileType = unknown; explicitFileType = undefined; includeInIndex = 0; };
		444C97B53FC949C89DEC1FFE /* Poppins-Bold.ttf */ = {isa = PBXFileReference; name = "Poppins-Bold.ttf"; path = "../src/assets/fonts/Poppins-Bold.ttf"; sourceTree = "<group>"; fileEncoding = undefined; lastKnownFileType = unknown; explicitFileType = undefined; includeInIndex = 0; };
		FE2150EA4C1B491DBADD2D51 /* Poppins-ExtraBold.ttf */ = {isa = PBXFileReference; name = "Poppins-ExtraBold.ttf"; path = "../src/assets/fonts/Poppins-ExtraBold.ttf"; sourceTree = "<group>"; fileEncoding = undefined; lastKnownFileType = unknown; explicitFileType = undefined; includeInIndex = 0; };
		C115ECC6E4044F43994E5CC5 /* Poppins-ExtraLight.ttf */ = {isa = PBXFileReference; name = "Poppins-ExtraLight.ttf"; path = "../src/assets/fonts/Poppins-ExtraLight.ttf"; sourceTree = "<group>"; fileEncoding = undefined; lastKnownFileType = unknown; explicitFileType = undefined; includeInIndex = 0; };
		ED0757769B0F4E8291DB619F /* Poppins-Light.ttf */ = {isa = PBXFileReference; name = "Poppins-Light.ttf"; path = "../src/assets/fonts/Poppins-Light.ttf"; sourceTree = "<group>"; fileEncoding = undefined; lastKnownFileType = unknown; explicitFileType = undefined; includeInIndex = 0; };
		D35FDDF437B940DDB39A7A69 /* Poppins-Medium.ttf */ = {isa = PBXFileReference; name = "Poppins-Medium.ttf"; path = "../src/assets/fonts/Poppins-Medium.ttf"; sourceTree = "<group>"; fileEncoding = undefined; lastKnownFileType = unknown; explicitFileType = undefined; includeInIndex = 0; };
		7100A3F8C9934BFFA44B3AB3 /* Poppins-Regular.ttf */ = {isa = PBXFileReference; name = "Poppins-Regular.ttf"; path = "../src/assets/fonts/Poppins-Regular.ttf"; sourceTree = "<group>"; fileEncoding = undefined; lastKnownFileType = unknown; explicitFileType = undefined; includeInIndex = 0; };
		C50E1624C61A499CB41CA5CA /* Poppins-SemiBold.ttf */ = {isa = PBXFileReference; name = "Poppins-SemiBold.ttf"; path = "../src/assets/fonts/Poppins-SemiBold.ttf"; sourceTree = "<group>"; fileEncoding = undefined; lastKnownFileType = unknown; explicitFileType = undefined; includeInIndex = 0; };
		573393A94491465F895647AD /* Poppins-Thin.ttf */ = {isa = PBXFileReference; name = "Poppins-Thin.ttf"; path = "../src/assets/fonts/Poppins-Thin.ttf"; sourceTree = "<group>"; fileEncoding = undefined; lastKnownFileType = unknown; explicitFileType = undefined; includeInIndex = 0; };
		EFE9C937C84C49FAB047B602 /* amazonpay.png */ = {isa = PBXFileReference; name = "amazonpay.png"; path = "../src/assets/app_images/amazonpay.png"; sourceTree = "<group>"; fileEncoding = undefined; lastKnownFileType = unknown; explicitFileType = undefined; includeInIndex = 0; };
		EE9D1E3525C04E5C9F16F3D3 /* applepay.png */ = {isa = PBXFileReference; name = "applepay.png"; path = "../src/assets/app_images/applepay.png"; sourceTree = "<group>"; fileEncoding = undefined; lastKnownFileType = unknown; explicitFileType = undefined; includeInIndex = 0; };
		1C351D2F075C44FEB1D72B1A /* avatar.png */ = {isa = PBXFileReference; name = "avatar.png"; path = "../src/assets/app_images/avatar.png"; sourceTree = "<group>"; fileEncoding = undefined; lastKnownFileType = unknown; explicitFileType = undefined; includeInIndex = 0; };
		1BEA0DF29B9C4F38AC66F669 /* gpay.png */ = {isa = PBXFileReference; name = "gpay.png"; path = "../src/assets/app_images/gpay.png"; sourceTree = "<group>"; fileEncoding = undefined; lastKnownFileType = unknown; explicitFileType = undefined; includeInIndex = 0; };
		D0987F2E55F64DF4A248685E /* americano_pic_1_portrait.png */ = {isa = PBXFileReference; name = "americano_pic_1_portrait.png"; path = "../src/assets/coffee_assets/americano/portrait/americano_pic_1_portrait.png"; sourceTree = "<group>"; fileEncoding = undefined; lastKnownFileType = unknown; explicitFileType = undefined; includeInIndex = 0; };
		0DBA9F4F801F4B77B476569F /* americano_pic_2_portrait.png */ = {isa = PBXFileReference; name = "americano_pic_2_portrait.png"; path = "../src/assets/coffee_assets/americano/portrait/americano_pic_2_portrait.png"; sourceTree = "<group>"; fileEncoding = undefined; lastKnownFileType = unknown; explicitFileType = undefined; includeInIndex = 0; };
		4D822F2A08704FC8BBE0620B /* americano_pic_3_portrait.png */ = {isa = PBXFileReference; name = "americano_pic_3_portrait.png"; path = "../src/assets/coffee_assets/americano/portrait/americano_pic_3_portrait.png"; sourceTree = "<group>"; fileEncoding = undefined; lastKnownFileType = unknown; explicitFileType = undefined; includeInIndex = 0; };
		78611AD0D00048E287ABE82E /* americano_pic_1_square.png */ = {isa = PBXFileReference; name = "americano_pic_1_square.png"; path = "../src/assets/coffee_assets/americano/square/americano_pic_1_square.png"; sourceTree = "<group>"; fileEncoding = undefined; lastKnownFileType = unknown; explicitFileType = undefined; includeInIndex = 0; };
		30A532FABFD4494294988095 /* americano_pic_2_square.png */ = {isa = PBXFileReference; name = "americano_pic_2_square.png"; path = "../src/assets/coffee_assets/americano/square/americano_pic_2_square.png"; sourceTree = "<group>"; fileEncoding = undefined; lastKnownFileType = unknown; explicitFileType = undefined; includeInIndex = 0; };
		6134C0D34AD4468B8A39C260 /* americano_pic_3_square.png */ = {isa = PBXFileReference; name = "americano_pic_3_square.png"; path = "../src/assets/coffee_assets/americano/square/americano_pic_3_square.png"; sourceTree = "<group>"; fileEncoding = undefined; lastKnownFileType = unknown; explicitFileType = undefined; includeInIndex = 0; };
		7F5F2E67B03D43C38FF3AC3F /* arabica_coffee_beans_portrait.png */ = {isa = PBXFileReference; name = "arabica_coffee_beans_portrait.png"; path = "../src/assets/coffee_assets/arabica_coffee_beans/arabica_coffee_beans_portrait.png"; sourceTree = "<group>"; fileEncoding = undefined; lastKnownFileType = unknown; explicitFileType = undefined; includeInIndex = 0; };
		965BE9F74DA8447EB33A9CD9 /* arabica_coffee_beans_square.png */ = {isa = PBXFileReference; name = "arabica_coffee_beans_square.png"; path = "../src/assets/coffee_assets/arabica_coffee_beans/arabica_coffee_beans_square.png"; sourceTree = "<group>"; fileEncoding = undefined; lastKnownFileType = unknown; explicitFileType = undefined; includeInIndex = 0; };
		F82F9E1740764D12A0D9D63A /* black_coffee_pic_1_portrait.png */ = {isa = PBXFileReference; name = "black_coffee_pic_1_portrait.png"; path = "../src/assets/coffee_assets/black_coffee/portrait/black_coffee_pic_1_portrait.png"; sourceTree = "<group>"; fileEncoding = undefined; lastKnownFileType = unknown; explicitFileType = undefined; includeInIndex = 0; };
		8DD6E7ACD26946388B2579F8 /* black_coffee_pic_2_portrait.png */ = {isa = PBXFileReference; name = "black_coffee_pic_2_portrait.png"; path = "../src/assets/coffee_assets/black_coffee/portrait/black_coffee_pic_2_portrait.png"; sourceTree = "<group>"; fileEncoding = undefined; lastKnownFileType = unknown; explicitFileType = undefined; includeInIndex = 0; };
		9901123C57B344FC9E82C3F6 /* black_coffee_pic_3_portrait.png */ = {isa = PBXFileReference; name = "black_coffee_pic_3_portrait.png"; path = "../src/assets/coffee_assets/black_coffee/portrait/black_coffee_pic_3_portrait.png"; sourceTree = "<group>"; fileEncoding = undefined; lastKnownFileType = unknown; explicitFileType = undefined; includeInIndex = 0; };
		692F89AD82F54387AA5755BA /* black_coffee_pic_1_square.png */ = {isa = PBXFileReference; name = "black_coffee_pic_1_square.png"; path = "../src/assets/coffee_assets/black_coffee/square/black_coffee_pic_1_square.png"; sourceTree = "<group>"; fileEncoding = undefined; lastKnownFileType = unknown; explicitFileType = undefined; includeInIndex = 0; };
		D942CAA9BA494FDCB4330A5A /* black_coffee_pic_2_square.png */ = {isa = PBXFileReference; name = "black_coffee_pic_2_square.png"; path = "../src/assets/coffee_assets/black_coffee/square/black_coffee_pic_2_square.png"; sourceTree = "<group>"; fileEncoding = undefined; lastKnownFileType = unknown; explicitFileType = undefined; includeInIndex = 0; };
		515C4B275D314A7ABC6FB8AC /* black_coffee_pic_3_square.png */ = {isa = PBXFileReference; name = "black_coffee_pic_3_square.png"; path = "../src/assets/coffee_assets/black_coffee/square/black_coffee_pic_3_square.png"; sourceTree = "<group>"; fileEncoding = undefined; lastKnownFileType = unknown; explicitFileType = undefined; includeInIndex = 0; };
		6A2EDC1713674C589475330E /* cappuccino_pic_1_portrait.png */ = {isa = PBXFileReference; name = "cappuccino_pic_1_portrait.png"; path = "../src/assets/coffee_assets/cappuccino/portrait/cappuccino_pic_1_portrait.png"; sourceTree = "<group>"; fileEncoding = undefined; lastKnownFileType = unknown; explicitFileType = undefined; includeInIndex = 0; };
		26217ACABE3047A28B2A3F7D /* cappuccino_pic_2_portrait.png */ = {isa = PBXFileReference; name = "cappuccino_pic_2_portrait.png"; path = "../src/assets/coffee_assets/cappuccino/portrait/cappuccino_pic_2_portrait.png"; sourceTree = "<group>"; fileEncoding = undefined; lastKnownFileType = unknown; explicitFileType = undefined; includeInIndex = 0; };
		20ECC869134B49D1A39B995A /* cappuccino_pic_3_portrait.png */ = {isa = PBXFileReference; name = "cappuccino_pic_3_portrait.png"; path = "../src/assets/coffee_assets/cappuccino/portrait/cappuccino_pic_3_portrait.png"; sourceTree = "<group>"; fileEncoding = undefined; lastKnownFileType = unknown; explicitFileType = undefined; includeInIndex = 0; };
		E433128377314CEC8246A743 /* cappuccino_pic_1_square.png */ = {isa = PBXFileReference; name = "cappuccino_pic_1_square.png"; path = "../src/assets/coffee_assets/cappuccino/square/cappuccino_pic_1_square.png"; sourceTree = "<group>"; fileEncoding = undefined; lastKnownFileType = unknown; explicitFileType = undefined; includeInIndex = 0; };
		A02BD063711645D18030C358 /* cappuccino_pic_2_square.png */ = {isa = PBXFileReference; name = "cappuccino_pic_2_square.png"; path = "../src/assets/coffee_assets/cappuccino/square/cappuccino_pic_2_square.png"; sourceTree = "<group>"; fileEncoding = undefined; lastKnownFileType = unknown; explicitFileType = undefined; includeInIndex = 0; };
		E0791D0BFCD1437390082BF1 /* cappuccino_pic_3_square.png */ = {isa = PBXFileReference; name = "cappuccino_pic_3_square.png"; path = "../src/assets/coffee_assets/cappuccino/square/cappuccino_pic_3_square.png"; sourceTree = "<group>"; fileEncoding = undefined; lastKnownFileType = unknown; explicitFileType = undefined; includeInIndex = 0; };
		B466F13A02B94188834C3BC6 /* espresso_pic_1_portrait.png */ = {isa = PBXFileReference; name = "espresso_pic_1_portrait.png"; path = "../src/assets/coffee_assets/espresso/portrait/espresso_pic_1_portrait.png"; sourceTree = "<group>"; fileEncoding = undefined; lastKnownFileType = unknown; explicitFileType = undefined; includeInIndex = 0; };
		AB1D793F4A6A4AC7817354F7 /* espresso_pic_2_portrait.png */ = {isa = PBXFileReference; name = "espresso_pic_2_portrait.png"; path = "../src/assets/coffee_assets/espresso/portrait/espresso_pic_2_portrait.png"; sourceTree = "<group>"; fileEncoding = undefined; lastKnownFileType = unknown; explicitFileType = undefined; includeInIndex = 0; };
		6B9D96D132024ED084E7798B /* espresso_pic_3_portrait.png */ = {isa = PBXFileReference; name = "espresso_pic_3_portrait.png"; path = "../src/assets/coffee_assets/espresso/portrait/espresso_pic_3_portrait.png"; sourceTree = "<group>"; fileEncoding = undefined; lastKnownFileType = unknown; explicitFileType = undefined; includeInIndex = 0; };
		D9E331A6C3B24717A42B075F /* espresso_pic_1_square.png */ = {isa = PBXFileReference; name = "espresso_pic_1_square.png"; path = "../src/assets/coffee_assets/espresso/square/espresso_pic_1_square.png"; sourceTree = "<group>"; fileEncoding = undefined; lastKnownFileType = unknown; explicitFileType = undefined; includeInIndex = 0; };
		81A44AFF396C48D5BA718D4C /* espresso_pic_2_square.png */ = {isa = PBXFileReference; name = "espresso_pic_2_square.png"; path = "../src/assets/coffee_assets/espresso/square/espresso_pic_2_square.png"; sourceTree = "<group>"; fileEncoding = undefined; lastKnownFileType = unknown; explicitFileType = undefined; includeInIndex = 0; };
		2D43D9516EC64FF3A5C466D9 /* espresso_pic_3_square.png */ = {isa = PBXFileReference; name = "espresso_pic_3_square.png"; path = "../src/assets/coffee_assets/espresso/square/espresso_pic_3_square.png"; sourceTree = "<group>"; fileEncoding = undefined; lastKnownFileType = unknown; explicitFileType = undefined; includeInIndex = 0; };
		3FDDB919F8EC447787F3C37A /* excelsa_coffee_beans_portrait.png */ = {isa = PBXFileReference; name = "excelsa_coffee_beans_portrait.png"; path = "../src/assets/coffee_assets/excelsa_coffee_beans/excelsa_coffee_beans_portrait.png"; sourceTree = "<group>"; fileEncoding = undefined; lastKnownFileType = unknown; explicitFileType = undefined; includeInIndex = 0; };
		12D6254E04D247B1A2005008 /* excelsa_coffee_beans_square.png */ = {isa = PBXFileReference; name = "excelsa_coffee_beans_square.png"; path = "../src/assets/coffee_assets/excelsa_coffee_beans/excelsa_coffee_beans_square.png"; sourceTree = "<group>"; fileEncoding = undefined; lastKnownFileType = unknown; explicitFileType = undefined; includeInIndex = 0; };
		89E5962FB58143E381861B35 /* latte_pic_1_portrait.png */ = {isa = PBXFileReference; name = "latte_pic_1_portrait.png"; path = "../src/assets/coffee_assets/latte/portrait/latte_pic_1_portrait.png"; sourceTree = "<group>"; fileEncoding = undefined; lastKnownFileType = unknown; explicitFileType = undefined; includeInIndex = 0; };
		86FE046F37F049D28AFD4ABB /* latte_pic_2_portrait.png */ = {isa = PBXFileReference; name = "latte_pic_2_portrait.png"; path = "../src/assets/coffee_assets/latte/portrait/latte_pic_2_portrait.png"; sourceTree = "<group>"; fileEncoding = undefined; lastKnownFileType = unknown; explicitFileType = undefined; includeInIndex = 0; };
		DD4D8CE7EDA040EAA54DB0F4 /* latte_pic_3_portrait.png */ = {isa = PBXFileReference; name = "latte_pic_3_portrait.png"; path = "../src/assets/coffee_assets/latte/portrait/latte_pic_3_portrait.png"; sourceTree = "<group>"; fileEncoding = undefined; lastKnownFileType = unknown; explicitFileType = undefined; includeInIndex = 0; };
		73C48D37C6B64E19BF2D0A27 /* latte_pic_1_square.png */ = {isa = PBXFileReference; name = "latte_pic_1_square.png"; path = "../src/assets/coffee_assets/latte/square/latte_pic_1_square.png"; sourceTree = "<group>"; fileEncoding = undefined; lastKnownFileType = unknown; explicitFileType = undefined; includeInIndex = 0; };
		6B9973BFEEB8492E9EF9B66C /* latte_pic_2_square.png */ = {isa = PBXFileReference; name = "latte_pic_2_square.png"; path = "../src/assets/coffee_assets/latte/square/latte_pic_2_square.png"; sourceTree = "<group>"; fileEncoding = undefined; lastKnownFileType = unknown; explicitFileType = undefined; includeInIndex = 0; };
		7EFA20B2209B4FFCB352DF3F /* latte_pic_3_square.png */ = {isa = PBXFileReference; name = "latte_pic_3_square.png"; path = "../src/assets/coffee_assets/latte/square/latte_pic_3_square.png"; sourceTree = "<group>"; fileEncoding = undefined; lastKnownFileType = unknown; explicitFileType = undefined; includeInIndex = 0; };
		EAC96DBCF6EF46A5A6810116 /* liberica_coffee_beans_portrait.png */ = {isa = PBXFileReference; name = "liberica_coffee_beans_portrait.png"; path = "../src/assets/coffee_assets/liberica_coffee_beans/liberica_coffee_beans_portrait.png"; sourceTree = "<group>"; fileEncoding = undefined; lastKnownFileType = unknown; explicitFileType = undefined; includeInIndex = 0; };
		D239BE0AD99749D79816B159 /* liberica_coffee_beans_square.png */ = {isa = PBXFileReference; name = "liberica_coffee_beans_square.png"; path = "../src/assets/coffee_assets/liberica_coffee_beans/liberica_coffee_beans_square.png"; sourceTree = "<group>"; fileEncoding = undefined; lastKnownFileType = unknown; explicitFileType = undefined; includeInIndex = 0; };
		C0D6C91177FB423B890A3E87 /* macchiato_pic_1_portrait.png */ = {isa = PBXFileReference; name = "macchiato_pic_1_portrait.png"; path = "../src/assets/coffee_assets/macchiato/portrait/macchiato_pic_1_portrait.png"; sourceTree = "<group>"; fileEncoding = undefined; lastKnownFileType = unknown; explicitFileType = undefined; includeInIndex = 0; };
		8A7C461899F84667AB09A049 /* macchiato_pic_2_portrait.png */ = {isa = PBXFileReference; name = "macchiato_pic_2_portrait.png"; path = "../src/assets/coffee_assets/macchiato/portrait/macchiato_pic_2_portrait.png"; sourceTree = "<group>"; fileEncoding = undefined; lastKnownFileType = unknown; explicitFileType = undefined; includeInIndex = 0; };
		13E94E9F6FAD44D5A346DC9C /* macchiato_pic_3_portrait.png */ = {isa = PBXFileReference; name = "macchiato_pic_3_portrait.png"; path = "../src/assets/coffee_assets/macchiato/portrait/macchiato_pic_3_portrait.png"; sourceTree = "<group>"; fileEncoding = undefined; lastKnownFileType = unknown; explicitFileType = undefined; includeInIndex = 0; };
		16D4EBF6A83948B0907F509F /* macchiato_pic_1_square.png */ = {isa = PBXFileReference; name = "macchiato_pic_1_square.png"; path = "../src/assets/coffee_assets/macchiato/square/macchiato_pic_1_square.png"; sourceTree = "<group>"; fileEncoding = undefined; lastKnownFileType = unknown; explicitFileType = undefined; includeInIndex = 0; };
		CFC1F0B2566C4853AE23BCB1 /* macchiato_pic_2_square.png */ = {isa = PBXFileReference; name = "macchiato_pic_2_square.png"; path = "../src/assets/coffee_assets/macchiato/square/macchiato_pic_2_square.png"; sourceTree = "<group>"; fileEncoding = undefined; lastKnownFileType = unknown; explicitFileType = undefined; includeInIndex = 0; };
		F4990BABC37540D6A1BCD001 /* macchiato_pic_3_square.png */ = {isa = PBXFileReference; name = "macchiato_pic_3_square.png"; path = "../src/assets/coffee_assets/macchiato/square/macchiato_pic_3_square.png"; sourceTree = "<group>"; fileEncoding = undefined; lastKnownFileType = unknown; explicitFileType = undefined; includeInIndex = 0; };
		5E853CE3D8BE4845AEB6AD10 /* robusta_coffee_beans_portrait.png */ = {isa = PBXFileReference; name = "robusta_coffee_beans_portrait.png"; path = "../src/assets/coffee_assets/robusta_coffee_beans/robusta_coffee_beans_portrait.png"; sourceTree = "<group>"; fileEncoding = undefined; lastKnownFileType = unknown; explicitFileType = undefined; includeInIndex = 0; };
		85E00B21409A45ECA4C2CB89 /* robusta_coffee_beans_square.png */ = {isa = PBXFileReference; name = "robusta_coffee_beans_square.png"; path = "../src/assets/coffee_assets/robusta_coffee_beans/robusta_coffee_beans_square.png"; sourceTree = "<group>"; fileEncoding = undefined; lastKnownFileType = unknown; explicitFileType = undefined; includeInIndex = 0; };
/* End PBXFileReference section */

/* Begin PBXFrameworksBuildPhase section */
		00E356EB1AD99517003FC87E /* Frameworks */ = {
			isa = PBXFrameworksBuildPhase;
			buildActionMask = 2147483647;
			files = (
				7699B88040F8A987B510C191 /* libPods-MovieApp-MovieAppTests.a in Frameworks */,
			);
			runOnlyForDeploymentPostprocessing = 0;
		};
		13B07F8C1A680F5B00A75B9A /* Frameworks */ = {
			isa = PBXFrameworksBuildPhase;
			buildActionMask = 2147483647;
			files = (
				0C80B921A6F3F58F76C31292 /* libPods-MovieApp.a in Frameworks */,
			);
			runOnlyForDeploymentPostprocessing = 0;
		};
/* End PBXFrameworksBuildPhase section */

/* Begin PBXGroup section */
		00E356EF1AD99517003FC87E /* MovieAppTests */ = {
			isa = PBXGroup;
			children = (
				00E356F21AD99517003FC87E /* MovieAppTests.m */,
				00E356F01AD99517003FC87E /* Supporting Files */,
			);
			path = MovieAppTests;
			sourceTree = "<group>";
		};
		00E356F01AD99517003FC87E /* Supporting Files */ = {
			isa = PBXGroup;
			children = (
				00E356F11AD99517003FC87E /* Info.plist */,
			);
			name = "Supporting Files";
			sourceTree = "<group>";
		};
		13B07FAE1A68108700A75B9A /* MovieApp */ = {
			isa = PBXGroup;
			children = (
				13B07FAF1A68108700A75B9A /* AppDelegate.h */,
				13B07FB01A68108700A75B9A /* AppDelegate.mm */,
				13B07FB51A68108700A75B9A /* Images.xcassets */,
				13B07FB61A68108700A75B9A /* Info.plist */,
				81AB9BB72411601600AC10FF /* LaunchScreen.storyboard */,
				13B07FB71A68108700A75B9A /* main.m */,
			);
			name = MovieApp;
			sourceTree = "<group>";
		};
		2D16E6871FA4F8E400B85C8A /* Frameworks */ = {
			isa = PBXGroup;
			children = (
				ED297162215061F000B7C4FE /* JavaScriptCore.framework */,
				5DCACB8F33CDC322A6C60F78 /* libPods-MovieApp.a */,
				19F6CBCC0A4E27FBF8BF4A61 /* libPods-MovieApp-MovieAppTests.a */,
			);
			name = Frameworks;
			sourceTree = "<group>";
		};
		832341AE1AAA6A7D00B99B32 /* Libraries */ = {
			isa = PBXGroup;
			children = (
			);
			name = Libraries;
			sourceTree = "<group>";
		};
		83CBB9F61A601CBA00E9B192 = {
			isa = PBXGroup;
			children = (
				13B07FAE1A68108700A75B9A /* MovieApp */,
				832341AE1AAA6A7D00B99B32 /* Libraries */,
				00E356EF1AD99517003FC87E /* MovieAppTests */,
				83CBBA001A601CBA00E9B192 /* Products */,
				2D16E6871FA4F8E400B85C8A /* Frameworks */,
				BBD78D7AC51CEA395F1C20DB /* Pods */,
				AF76AA4C08BF4705BAC9407F /* Resources */,
			);
			indentWidth = 2;
			sourceTree = "<group>";
			tabWidth = 2;
			usesTabs = 0;
		};
		83CBBA001A601CBA00E9B192 /* Products */ = {
			isa = PBXGroup;
			children = (
				13B07F961A680F5B00A75B9A /* MovieApp.app */,
				00E356EE1AD99517003FC87E /* MovieAppTests.xctest */,
			);
			name = Products;
			sourceTree = "<group>";
		};
		BBD78D7AC51CEA395F1C20DB /* Pods */ = {
			isa = PBXGroup;
			children = (
				3B4392A12AC88292D35C810B /* Pods-MovieApp.debug.xcconfig */,
				5709B34CF0A7D63546082F79 /* Pods-MovieApp.release.xcconfig */,
				5B7EB9410499542E8C5724F5 /* Pods-MovieApp-MovieAppTests.debug.xcconfig */,
				89C6BE57DB24E9ADA2F236DE /* Pods-MovieApp-MovieAppTests.release.xcconfig */,
			);
			path = Pods;
			sourceTree = "<group>";
		};
		AF76AA4C08BF4705BAC9407F /* Resources */ = {
			isa = "PBXGroup";
			children = (
				ACC64ECBB8624EF09F55D867 /* app_icons.ttf */,
				67F5545BD72041F6A41A2136 /* Poppins-Black.ttf */,
				444C97B53FC949C89DEC1FFE /* Poppins-Bold.ttf */,
				FE2150EA4C1B491DBADD2D51 /* Poppins-ExtraBold.ttf */,
				C115ECC6E4044F43994E5CC5 /* Poppins-ExtraLight.ttf */,
				ED0757769B0F4E8291DB619F /* Poppins-Light.ttf */,
				D35FDDF437B940DDB39A7A69 /* Poppins-Medium.ttf */,
				7100A3F8C9934BFFA44B3AB3 /* Poppins-Regular.ttf */,
				C50E1624C61A499CB41CA5CA /* Poppins-SemiBold.ttf */,
				573393A94491465F895647AD /* Poppins-Thin.ttf */,
				EFE9C937C84C49FAB047B602 /* amazonpay.png */,
				EE9D1E3525C04E5C9F16F3D3 /* applepay.png */,
				1C351D2F075C44FEB1D72B1A /* avatar.png */,
				1BEA0DF29B9C4F38AC66F669 /* gpay.png */,
				D0987F2E55F64DF4A248685E /* americano_pic_1_portrait.png */,
				0DBA9F4F801F4B77B476569F /* americano_pic_2_portrait.png */,
				4D822F2A08704FC8BBE0620B /* americano_pic_3_portrait.png */,
				78611AD0D00048E287ABE82E /* americano_pic_1_square.png */,
				30A532FABFD4494294988095 /* americano_pic_2_square.png */,
				6134C0D34AD4468B8A39C260 /* americano_pic_3_square.png */,
				7F5F2E67B03D43C38FF3AC3F /* arabica_coffee_beans_portrait.png */,
				965BE9F74DA8447EB33A9CD9 /* arabica_coffee_beans_square.png */,
				F82F9E1740764D12A0D9D63A /* black_coffee_pic_1_portrait.png */,
				8DD6E7ACD26946388B2579F8 /* black_coffee_pic_2_portrait.png */,
				9901123C57B344FC9E82C3F6 /* black_coffee_pic_3_portrait.png */,
				692F89AD82F54387AA5755BA /* black_coffee_pic_1_square.png */,
				D942CAA9BA494FDCB4330A5A /* black_coffee_pic_2_square.png */,
				515C4B275D314A7ABC6FB8AC /* black_coffee_pic_3_square.png */,
				6A2EDC1713674C589475330E /* cappuccino_pic_1_portrait.png */,
				26217ACABE3047A28B2A3F7D /* cappuccino_pic_2_portrait.png */,
				20ECC869134B49D1A39B995A /* cappuccino_pic_3_portrait.png */,
				E433128377314CEC8246A743 /* cappuccino_pic_1_square.png */,
				A02BD063711645D18030C358 /* cappuccino_pic_2_square.png */,
				E0791D0BFCD1437390082BF1 /* cappuccino_pic_3_square.png */,
				B466F13A02B94188834C3BC6 /* espresso_pic_1_portrait.png */,
				AB1D793F4A6A4AC7817354F7 /* espresso_pic_2_portrait.png */,
				6B9D96D132024ED084E7798B /* espresso_pic_3_portrait.png */,
				D9E331A6C3B24717A42B075F /* espresso_pic_1_square.png */,
				81A44AFF396C48D5BA718D4C /* espresso_pic_2_square.png */,
				2D43D9516EC64FF3A5C466D9 /* espresso_pic_3_square.png */,
				3FDDB919F8EC447787F3C37A /* excelsa_coffee_beans_portrait.png */,
				12D6254E04D247B1A2005008 /* excelsa_coffee_beans_square.png */,
				89E5962FB58143E381861B35 /* latte_pic_1_portrait.png */,
				86FE046F37F049D28AFD4ABB /* latte_pic_2_portrait.png */,
				DD4D8CE7EDA040EAA54DB0F4 /* latte_pic_3_portrait.png */,
				73C48D37C6B64E19BF2D0A27 /* latte_pic_1_square.png */,
				6B9973BFEEB8492E9EF9B66C /* latte_pic_2_square.png */,
				7EFA20B2209B4FFCB352DF3F /* latte_pic_3_square.png */,
				EAC96DBCF6EF46A5A6810116 /* liberica_coffee_beans_portrait.png */,
				D239BE0AD99749D79816B159 /* liberica_coffee_beans_square.png */,
				C0D6C91177FB423B890A3E87 /* macchiato_pic_1_portrait.png */,
				8A7C461899F84667AB09A049 /* macchiato_pic_2_portrait.png */,
				13E94E9F6FAD44D5A346DC9C /* macchiato_pic_3_portrait.png */,
				16D4EBF6A83948B0907F509F /* macchiato_pic_1_square.png */,
				CFC1F0B2566C4853AE23BCB1 /* macchiato_pic_2_square.png */,
				F4990BABC37540D6A1BCD001 /* macchiato_pic_3_square.png */,
				5E853CE3D8BE4845AEB6AD10 /* robusta_coffee_beans_portrait.png */,
				85E00B21409A45ECA4C2CB89 /* robusta_coffee_beans_square.png */,
			);
			name = Resources;
			sourceTree = "<group>";
			path = "";
		};
/* End PBXGroup section */

/* Begin PBXNativeTarget section */
		00E356ED1AD99517003FC87E /* MovieAppTests */ = {
			isa = PBXNativeTarget;
			buildConfigurationList = 00E357021AD99517003FC87E /* Build configuration list for PBXNativeTarget "MovieAppTests" */;
			buildPhases = (
				A55EABD7B0C7F3A422A6CC61 /* [CP] Check Pods Manifest.lock */,
				00E356EA1AD99517003FC87E /* Sources */,
				00E356EB1AD99517003FC87E /* Frameworks */,
				00E356EC1AD99517003FC87E /* Resources */,
				C59DA0FBD6956966B86A3779 /* [CP] Embed Pods Frameworks */,
				F6A41C54EA430FDDC6A6ED99 /* [CP] Copy Pods Resources */,
			);
			buildRules = (
			);
			dependencies = (
				00E356F51AD99517003FC87E /* PBXTargetDependency */,
			);
			name = MovieAppTests;
			productName = MovieAppTests;
			productReference = 00E356EE1AD99517003FC87E /* MovieAppTests.xctest */;
			productType = "com.apple.product-type.bundle.unit-test";
		};
		13B07F861A680F5B00A75B9A /* MovieApp */ = {
			isa = PBXNativeTarget;
			buildConfigurationList = 13B07F931A680F5B00A75B9A /* Build configuration list for PBXNativeTarget "MovieApp" */;
			buildPhases = (
				C38B50BA6285516D6DCD4F65 /* [CP] Check Pods Manifest.lock */,
				13B07F871A680F5B00A75B9A /* Sources */,
				13B07F8C1A680F5B00A75B9A /* Frameworks */,
				13B07F8E1A680F5B00A75B9A /* Resources */,
				00DD1BFF1BD5951E006B06BC /* Bundle React Native code and images */,
				00EEFC60759A1932668264C0 /* [CP] Embed Pods Frameworks */,
				E235C05ADACE081382539298 /* [CP] Copy Pods Resources */,
			);
			buildRules = (
			);
			dependencies = (
			);
			name = MovieApp;
			productName = MovieApp;
			productReference = 13B07F961A680F5B00A75B9A /* MovieApp.app */;
			productType = "com.apple.product-type.application";
		};
/* End PBXNativeTarget section */

/* Begin PBXProject section */
		83CBB9F71A601CBA00E9B192 /* Project object */ = {
			isa = PBXProject;
			attributes = {
				LastUpgradeCheck = 1210;
				TargetAttributes = {
					00E356ED1AD99517003FC87E = {
						CreatedOnToolsVersion = 6.2;
						TestTargetID = 13B07F861A680F5B00A75B9A;
					};
					13B07F861A680F5B00A75B9A = {
						LastSwiftMigration = 1120;
					};
				};
			};
			buildConfigurationList = 83CBB9FA1A601CBA00E9B192 /* Build configuration list for PBXProject "MovieApp" */;
			compatibilityVersion = "Xcode 12.0";
			developmentRegion = en;
			hasScannedForEncodings = 0;
			knownRegions = (
				en,
				Base,
			);
			mainGroup = 83CBB9F61A601CBA00E9B192;
			productRefGroup = 83CBBA001A601CBA00E9B192 /* Products */;
			projectDirPath = "";
			projectRoot = "";
			targets = (
				13B07F861A680F5B00A75B9A /* MovieApp */,
				00E356ED1AD99517003FC87E /* MovieAppTests */,
			);
		};
/* End PBXProject section */

/* Begin PBXResourcesBuildPhase section */
		00E356EC1AD99517003FC87E /* Resources */ = {
			isa = PBXResourcesBuildPhase;
			buildActionMask = 2147483647;
			files = (
			);
			runOnlyForDeploymentPostprocessing = 0;
		};
		13B07F8E1A680F5B00A75B9A /* Resources */ = {
			isa = PBXResourcesBuildPhase;
			buildActionMask = 2147483647;
			files = (
				81AB9BB82411601600AC10FF /* LaunchScreen.storyboard in Resources */,
				13B07FBF1A68108700A75B9A /* Images.xcassets in Resources */,
				2B872E91A80B42A098C95185 /* app_icons.ttf in Resources */,
				F6A83440B9534E7D8A423760 /* Poppins-Black.ttf in Resources */,
				5C7E894BF67A4D11A2D97B11 /* Poppins-Bold.ttf in Resources */,
				06739677645841B186D14A86 /* Poppins-ExtraBold.ttf in Resources */,
				281908D54BB24B6293C62C8C /* Poppins-ExtraLight.ttf in Resources */,
				F89ECE777BDE4A8DAE0756AB /* Poppins-Light.ttf in Resources */,
				AAE92008B8E34D289DBC2EAA /* Poppins-Medium.ttf in Resources */,
				2001724E24A246B195A7BBEE /* Poppins-Regular.ttf in Resources */,
				C131417C2FCB42A69EEB49B2 /* Poppins-SemiBold.ttf in Resources */,
				09C2B31CACF04823B321B0D4 /* Poppins-Thin.ttf in Resources */,
				DADED174496244FF844F2120 /* amazonpay.png in Resources */,
				C2BB427B596C48229648A368 /* applepay.png in Resources */,
				5D61710576D4412F9B8D8DE0 /* avatar.png in Resources */,
				FBDCFB04B89C49CC8A7C5583 /* gpay.png in Resources */,
				56B85323B2914769B8B5DAB2 /* americano_pic_1_portrait.png in Resources */,
				B78A083D7391472AA2722883 /* americano_pic_2_portrait.png in Resources */,
				1C7650CB9CAC4EBC9784812B /* americano_pic_3_portrait.png in Resources */,
				91E631AE0DEF4CD0B36CDF99 /* americano_pic_1_square.png in Resources */,
				8CE087652AED4AC18F7163B8 /* americano_pic_2_square.png in Resources */,
				0CB6E4084D9D446AAD42E9C7 /* americano_pic_3_square.png in Resources */,
				AA11CC2D74104B15B5708681 /* arabica_coffee_beans_portrait.png in Resources */,
				F12E314C5F9F4BF29717DF0F /* arabica_coffee_beans_square.png in Resources */,
				AA26EAFC11F745A8B7F9CF19 /* black_coffee_pic_1_portrait.png in Resources */,
				C4EFA425386B4B78BD464E29 /* black_coffee_pic_2_portrait.png in Resources */,
				BE05CA6B965546E0ACEF10B6 /* black_coffee_pic_3_portrait.png in Resources */,
				FC313CCB57A546538E1A142E /* black_coffee_pic_1_square.png in Resources */,
				300895EBB46C42829E1088C5 /* black_coffee_pic_2_square.png in Resources */,
				922A6C424DED467B8BA06D0E /* black_coffee_pic_3_square.png in Resources */,
				BB6262937674469682B08CFD /* cappuccino_pic_1_portrait.png in Resources */,
				B58A1196E6C8453A8324AC03 /* cappuccino_pic_2_portrait.png in Resources */,
				A489F3A2EDE9463C9D51AC6D /* cappuccino_pic_3_portrait.png in Resources */,
				C41AC2CE7A3E4BD390036583 /* cappuccino_pic_1_square.png in Resources */,
				1736A829DE184D15A26429DA /* cappuccino_pic_2_square.png in Resources */,
				A19EDBEE3C32460B94BAFAC5 /* cappuccino_pic_3_square.png in Resources */,
				3A59FFC966C34C6CA8AB0A41 /* espresso_pic_1_portrait.png in Resources */,
				16F943826E0349D5BD76FC00 /* espresso_pic_2_portrait.png in Resources */,
				21D599E15561483F82C1A12A /* espresso_pic_3_portrait.png in Resources */,
				832DDE8DE8E5450B890A50F2 /* espresso_pic_1_square.png in Resources */,
				4F13A04698AF4924B8180DE8 /* espresso_pic_2_square.png in Resources */,
				3F888C7EA0284BCEBF4C0CC4 /* espresso_pic_3_square.png in Resources */,
				36EAC9DA25354E22B6F98667 /* excelsa_coffee_beans_portrait.png in Resources */,
				85170A82A4D84A14BDE78C80 /* excelsa_coffee_beans_square.png in Resources */,
				4CC5CDDB139D4E67978DFEB1 /* latte_pic_1_portrait.png in Resources */,
				69615C49817745BAA14148DE /* latte_pic_2_portrait.png in Resources */,
				2452A7C236B64957969676FD /* latte_pic_3_portrait.png in Resources */,
				A8E16EA4FEB142389E1C020F /* latte_pic_1_square.png in Resources */,
				74151FF36D8D491D86F28B47 /* latte_pic_2_square.png in Resources */,
				43801C0E0AEB48DAA32EA2C8 /* latte_pic_3_square.png in Resources */,
				128B1AEAFCD4497E91A68CA4 /* liberica_coffee_beans_portrait.png in Resources */,
				F54E9D06217E4EF49095E145 /* liberica_coffee_beans_square.png in Resources */,
				FAC492E50EA34F83AB8B8E45 /* macchiato_pic_1_portrait.png in Resources */,
				5997F2E5FB9B49DB963DE357 /* macchiato_pic_2_portrait.png in Resources */,
				A25995CF2804438A85FAF395 /* macchiato_pic_3_portrait.png in Resources */,
				59F2DB410963419E87441906 /* macchiato_pic_1_square.png in Resources */,
				AD82234B216E4DF98574C83A /* macchiato_pic_2_square.png in Resources */,
				741269D1E9064115B6D6130E /* macchiato_pic_3_square.png in Resources */,
				D06A24B557AC48028AE4DE9F /* robusta_coffee_beans_portrait.png in Resources */,
				CEC2BFEA296F4169922EF58F /* robusta_coffee_beans_square.png in Resources */,
			);
			runOnlyForDeploymentPostprocessing = 0;
		};
/* End PBXResourcesBuildPhase section */

/* Begin PBXShellScriptBuildPhase section */
		00DD1BFF1BD5951E006B06BC /* Bundle React Native code and images */ = {
			isa = PBXShellScriptBuildPhase;
			buildActionMask = 2147483647;
			files = (
			);
			inputPaths = (
				"$(SRCROOT)/.xcode.env.local",
				"$(SRCROOT)/.xcode.env",
			);
			name = "Bundle React Native code and images";
			outputPaths = (
			);
			runOnlyForDeploymentPostprocessing = 0;
			shellPath = /bin/sh;
			shellScript = "set -e\n\nWITH_ENVIRONMENT=\"../node_modules/react-native/scripts/xcode/with-environment.sh\"\nREACT_NATIVE_XCODE=\"../node_modules/react-native/scripts/react-native-xcode.sh\"\n\n/bin/sh -c \"$WITH_ENVIRONMENT $REACT_NATIVE_XCODE\"\n";
		};
		00EEFC60759A1932668264C0 /* [CP] Embed Pods Frameworks */ = {
			isa = PBXShellScriptBuildPhase;
			buildActionMask = 2147483647;
			files = (
			);
			inputFileListPaths = (
				"${PODS_ROOT}/Target Support Files/Pods-MovieApp/Pods-MovieApp-frameworks-${CONFIGURATION}-input-files.xcfilelist",
			);
			name = "[CP] Embed Pods Frameworks";
			outputFileListPaths = (
				"${PODS_ROOT}/Target Support Files/Pods-MovieApp/Pods-MovieApp-frameworks-${CONFIGURATION}-output-files.xcfilelist",
			);
			runOnlyForDeploymentPostprocessing = 0;
			shellPath = /bin/sh;
			shellScript = "\"${PODS_ROOT}/Target Support Files/Pods-MovieApp/Pods-MovieApp-frameworks.sh\"\n";
			showEnvVarsInLog = 0;
		};
		A55EABD7B0C7F3A422A6CC61 /* [CP] Check Pods Manifest.lock */ = {
			isa = PBXShellScriptBuildPhase;
			buildActionMask = 2147483647;
			files = (
			);
			inputFileListPaths = (
			);
			inputPaths = (
				"${PODS_PODFILE_DIR_PATH}/Podfile.lock",
				"${PODS_ROOT}/Manifest.lock",
			);
			name = "[CP] Check Pods Manifest.lock";
			outputFileListPaths = (
			);
			outputPaths = (
				"$(DERIVED_FILE_DIR)/Pods-MovieApp-MovieAppTests-checkManifestLockResult.txt",
			);
			runOnlyForDeploymentPostprocessing = 0;
			shellPath = /bin/sh;
			shellScript = "diff \"${PODS_PODFILE_DIR_PATH}/Podfile.lock\" \"${PODS_ROOT}/Manifest.lock\" > /dev/null\nif [ $? != 0 ] ; then\n    # print error to STDERR\n    echo \"error: The sandbox is not in sync with the Podfile.lock. Run 'pod install' or update your CocoaPods installation.\" >&2\n    exit 1\nfi\n# This output is used by Xcode 'outputs' to avoid re-running this script phase.\necho \"SUCCESS\" > \"${SCRIPT_OUTPUT_FILE_0}\"\n";
			showEnvVarsInLog = 0;
		};
		C38B50BA6285516D6DCD4F65 /* [CP] Check Pods Manifest.lock */ = {
			isa = PBXShellScriptBuildPhase;
			buildActionMask = 2147483647;
			files = (
			);
			inputFileListPaths = (
			);
			inputPaths = (
				"${PODS_PODFILE_DIR_PATH}/Podfile.lock",
				"${PODS_ROOT}/Manifest.lock",
			);
			name = "[CP] Check Pods Manifest.lock";
			outputFileListPaths = (
			);
			outputPaths = (
				"$(DERIVED_FILE_DIR)/Pods-MovieApp-checkManifestLockResult.txt",
			);
			runOnlyForDeploymentPostprocessing = 0;
			shellPath = /bin/sh;
			shellScript = "diff \"${PODS_PODFILE_DIR_PATH}/Podfile.lock\" \"${PODS_ROOT}/Manifest.lock\" > /dev/null\nif [ $? != 0 ] ; then\n    # print error to STDERR\n    echo \"error: The sandbox is not in sync with the Podfile.lock. Run 'pod install' or update your CocoaPods installation.\" >&2\n    exit 1\nfi\n# This output is used by Xcode 'outputs' to avoid re-running this script phase.\necho \"SUCCESS\" > \"${SCRIPT_OUTPUT_FILE_0}\"\n";
			showEnvVarsInLog = 0;
		};
		C59DA0FBD6956966B86A3779 /* [CP] Embed Pods Frameworks */ = {
			isa = PBXShellScriptBuildPhase;
			buildActionMask = 2147483647;
			files = (
			);
			inputFileListPaths = (
				"${PODS_ROOT}/Target Support Files/Pods-MovieApp-MovieAppTests/Pods-MovieApp-MovieAppTests-frameworks-${CONFIGURATION}-input-files.xcfilelist",
			);
			name = "[CP] Embed Pods Frameworks";
			outputFileListPaths = (
				"${PODS_ROOT}/Target Support Files/Pods-MovieApp-MovieAppTests/Pods-MovieApp-MovieAppTests-frameworks-${CONFIGURATION}-output-files.xcfilelist",
			);
			runOnlyForDeploymentPostprocessing = 0;
			shellPath = /bin/sh;
			shellScript = "\"${PODS_ROOT}/Target Support Files/Pods-MovieApp-MovieAppTests/Pods-MovieApp-MovieAppTests-frameworks.sh\"\n";
			showEnvVarsInLog = 0;
		};
		E235C05ADACE081382539298 /* [CP] Copy Pods Resources */ = {
			isa = PBXShellScriptBuildPhase;
			buildActionMask = 2147483647;
			files = (
			);
			inputFileListPaths = (
				"${PODS_ROOT}/Target Support Files/Pods-MovieApp/Pods-MovieApp-resources-${CONFIGURATION}-input-files.xcfilelist",
			);
			name = "[CP] Copy Pods Resources";
			outputFileListPaths = (
				"${PODS_ROOT}/Target Support Files/Pods-MovieApp/Pods-MovieApp-resources-${CONFIGURATION}-output-files.xcfilelist",
			);
			runOnlyForDeploymentPostprocessing = 0;
			shellPath = /bin/sh;
			shellScript = "\"${PODS_ROOT}/Target Support Files/Pods-MovieApp/Pods-MovieApp-resources.sh\"\n";
			showEnvVarsInLog = 0;
		};
		F6A41C54EA430FDDC6A6ED99 /* [CP] Copy Pods Resources */ = {
			isa = PBXShellScriptBuildPhase;
			buildActionMask = 2147483647;
			files = (
			);
			inputFileListPaths = (
				"${PODS_ROOT}/Target Support Files/Pods-MovieApp-MovieAppTests/Pods-MovieApp-MovieAppTests-resources-${CONFIGURATION}-input-files.xcfilelist",
			);
			name = "[CP] Copy Pods Resources";
			outputFileListPaths = (
				"${PODS_ROOT}/Target Support Files/Pods-MovieApp-MovieAppTests/Pods-MovieApp-MovieAppTests-resources-${CONFIGURATION}-output-files.xcfilelist",
			);
			runOnlyForDeploymentPostprocessing = 0;
			shellPath = /bin/sh;
			shellScript = "\"${PODS_ROOT}/Target Support Files/Pods-MovieApp-MovieAppTests/Pods-MovieApp-MovieAppTests-resources.sh\"\n";
			showEnvVarsInLog = 0;
		};
/* End PBXShellScriptBuildPhase section */

/* Begin PBXSourcesBuildPhase section */
		00E356EA1AD99517003FC87E /* Sources */ = {
			isa = PBXSourcesBuildPhase;
			buildActionMask = 2147483647;
			files = (
				00E356F31AD99517003FC87E /* MovieAppTests.m in Sources */,
			);
			runOnlyForDeploymentPostprocessing = 0;
		};
		13B07F871A680F5B00A75B9A /* Sources */ = {
			isa = PBXSourcesBuildPhase;
			buildActionMask = 2147483647;
			files = (
				13B07FBC1A68108700A75B9A /* AppDelegate.mm in Sources */,
				13B07FC11A68108700A75B9A /* main.m in Sources */,
			);
			runOnlyForDeploymentPostprocessing = 0;
		};
/* End PBXSourcesBuildPhase section */

/* Begin PBXTargetDependency section */
		00E356F51AD99517003FC87E /* PBXTargetDependency */ = {
			isa = PBXTargetDependency;
			target = 13B07F861A680F5B00A75B9A /* MovieApp */;
			targetProxy = 00E356F41AD99517003FC87E /* PBXContainerItemProxy */;
		};
/* End PBXTargetDependency section */

/* Begin XCBuildConfiguration section */
		00E356F61AD99517003FC87E /* Debug */ = {
			isa = XCBuildConfiguration;
			baseConfigurationReference = 5B7EB9410499542E8C5724F5 /* Pods-MovieApp-MovieAppTests.debug.xcconfig */;
			buildSettings = {
				BUNDLE_LOADER = "$(TEST_HOST)";
				GCC_PREPROCESSOR_DEFINITIONS = (
					"DEBUG=1",
					"$(inherited)",
				);
				INFOPLIST_FILE = MovieAppTests/Info.plist;
				IPHONEOS_DEPLOYMENT_TARGET = 13.4;
				LD_RUNPATH_SEARCH_PATHS = (
					"$(inherited)",
					"@executable_path/Frameworks",
					"@loader_path/Frameworks",
				);
				OTHER_LDFLAGS = (
					"-ObjC",
					"-lc++",
					"$(inherited)",
				);
				PRODUCT_BUNDLE_IDENTIFIER = "org.reactjs.native.example.$(PRODUCT_NAME:rfc1034identifier)";
				PRODUCT_NAME = "$(TARGET_NAME)";
				TEST_HOST = "$(BUILT_PRODUCTS_DIR)/MovieApp.app/MovieApp";
			};
			name = Debug;
		};
		00E356F71AD99517003FC87E /* Release */ = {
			isa = XCBuildConfiguration;
			baseConfigurationReference = 89C6BE57DB24E9ADA2F236DE /* Pods-MovieApp-MovieAppTests.release.xcconfig */;
			buildSettings = {
				BUNDLE_LOADER = "$(TEST_HOST)";
				COPY_PHASE_STRIP = NO;
				INFOPLIST_FILE = MovieAppTests/Info.plist;
				IPHONEOS_DEPLOYMENT_TARGET = 13.4;
				LD_RUNPATH_SEARCH_PATHS = (
					"$(inherited)",
					"@executable_path/Frameworks",
					"@loader_path/Frameworks",
				);
				OTHER_LDFLAGS = (
					"-ObjC",
					"-lc++",
					"$(inherited)",
				);
				PRODUCT_BUNDLE_IDENTIFIER = "org.reactjs.native.example.$(PRODUCT_NAME:rfc1034identifier)";
				PRODUCT_NAME = "$(TARGET_NAME)";
				TEST_HOST = "$(BUILT_PRODUCTS_DIR)/MovieApp.app/MovieApp";
			};
			name = Release;
		};
		13B07F941A680F5B00A75B9A /* Debug */ = {
			isa = XCBuildConfiguration;
			baseConfigurationReference = 3B4392A12AC88292D35C810B /* Pods-MovieApp.debug.xcconfig */;
			buildSettings = {
				ASSETCATALOG_COMPILER_APPICON_NAME = AppIcon;
				CLANG_ENABLE_MODULES = YES;
				CURRENT_PROJECT_VERSION = 1;
				ENABLE_BITCODE = NO;
				INFOPLIST_FILE = MovieApp/Info.plist;
				LD_RUNPATH_SEARCH_PATHS = (
					"$(inherited)",
					"@executable_path/Frameworks",
				);
				MARKETING_VERSION = 1.0;
				OTHER_LDFLAGS = (
					"$(inherited)",
					"-ObjC",
					"-lc++",
				);
				PRODUCT_BUNDLE_IDENTIFIER = "org.reactjs.native.example.$(PRODUCT_NAME:rfc1034identifier)";
				PRODUCT_NAME = MovieApp;
				SWIFT_OPTIMIZATION_LEVEL = "-Onone";
				SWIFT_VERSION = 5.0;
				VERSIONING_SYSTEM = "apple-generic";
			};
			name = Debug;
		};
		13B07F951A680F5B00A75B9A /* Release */ = {
			isa = XCBuildConfiguration;
			baseConfigurationReference = 5709B34CF0A7D63546082F79 /* Pods-MovieApp.release.xcconfig */;
			buildSettings = {
				ASSETCATALOG_COMPILER_APPICON_NAME = AppIcon;
				CLANG_ENABLE_MODULES = YES;
				CURRENT_PROJECT_VERSION = 1;
				INFOPLIST_FILE = MovieApp/Info.plist;
				LD_RUNPATH_SEARCH_PATHS = (
					"$(inherited)",
					"@executable_path/Frameworks",
				);
				MARKETING_VERSION = 1.0;
				OTHER_LDFLAGS = (
					"$(inherited)",
					"-ObjC",
					"-lc++",
				);
				PRODUCT_BUNDLE_IDENTIFIER = "org.reactjs.native.example.$(PRODUCT_NAME:rfc1034identifier)";
				PRODUCT_NAME = MovieApp;
				SWIFT_VERSION = 5.0;
				VERSIONING_SYSTEM = "apple-generic";
			};
			name = Release;
		};
		83CBBA201A601CBA00E9B192 /* Debug */ = {
			isa = XCBuildConfiguration;
			buildSettings = {
				ALWAYS_SEARCH_USER_PATHS = NO;
				CLANG_ANALYZER_LOCALIZABILITY_NONLOCALIZED = YES;
				CLANG_CXX_LANGUAGE_STANDARD = "c++20";
				CLANG_CXX_LIBRARY = "libc++";
				CLANG_ENABLE_MODULES = YES;
				CLANG_ENABLE_OBJC_ARC = YES;
				CLANG_WARN_BLOCK_CAPTURE_AUTORELEASING = YES;
				CLANG_WARN_BOOL_CONVERSION = YES;
				CLANG_WARN_COMMA = YES;
				CLANG_WARN_CONSTANT_CONVERSION = YES;
				CLANG_WARN_DEPRECATED_OBJC_IMPLEMENTATIONS = YES;
				CLANG_WARN_DIRECT_OBJC_ISA_USAGE = YES_ERROR;
				CLANG_WARN_EMPTY_BODY = YES;
				CLANG_WARN_ENUM_CONVERSION = YES;
				CLANG_WARN_INFINITE_RECURSION = YES;
				CLANG_WARN_INT_CONVERSION = YES;
				CLANG_WARN_NON_LITERAL_NULL_CONVERSION = YES;
				CLANG_WARN_OBJC_IMPLICIT_RETAIN_SELF = YES;
				CLANG_WARN_OBJC_LITERAL_CONVERSION = YES;
				CLANG_WARN_OBJC_ROOT_CLASS = YES_ERROR;
				CLANG_WARN_QUOTED_INCLUDE_IN_FRAMEWORK_HEADER = YES;
				CLANG_WARN_RANGE_LOOP_ANALYSIS = YES;
				CLANG_WARN_STRICT_PROTOTYPES = YES;
				CLANG_WARN_SUSPICIOUS_MOVE = YES;
				CLANG_WARN_UNREACHABLE_CODE = YES;
				CLANG_WARN__DUPLICATE_METHOD_MATCH = YES;
				"CODE_SIGN_IDENTITY[sdk=iphoneos*]" = "iPhone Developer";
				COPY_PHASE_STRIP = NO;
				ENABLE_STRICT_OBJC_MSGSEND = YES;
				ENABLE_TESTABILITY = YES;
				"EXCLUDED_ARCHS[sdk=iphonesimulator*]" = "";
				GCC_C_LANGUAGE_STANDARD = gnu99;
				GCC_DYNAMIC_NO_PIC = NO;
				GCC_NO_COMMON_BLOCKS = YES;
				GCC_OPTIMIZATION_LEVEL = 0;
				GCC_PREPROCESSOR_DEFINITIONS = (
					"DEBUG=1",
					"$(inherited)",
				);
				GCC_SYMBOLS_PRIVATE_EXTERN = NO;
				GCC_WARN_64_TO_32_BIT_CONVERSION = YES;
				GCC_WARN_ABOUT_RETURN_TYPE = YES_ERROR;
				GCC_WARN_UNDECLARED_SELECTOR = YES;
				GCC_WARN_UNINITIALIZED_AUTOS = YES_AGGRESSIVE;
				GCC_WARN_UNUSED_FUNCTION = YES;
				GCC_WARN_UNUSED_VARIABLE = YES;
				IPHONEOS_DEPLOYMENT_TARGET = 13.4;
				LD_RUNPATH_SEARCH_PATHS = (
					/usr/lib/swift,
					"$(inherited)",
				);
				LIBRARY_SEARCH_PATHS = (
					"\"$(SDKROOT)/usr/lib/swift\"",
					"\"$(TOOLCHAIN_DIR)/usr/lib/swift/$(PLATFORM_NAME)\"",
					"\"$(inherited)\"",
				);
				MTL_ENABLE_DEBUG_INFO = YES;
				ONLY_ACTIVE_ARCH = YES;
				OTHER_CPLUSPLUSFLAGS = (
					"$(OTHER_CFLAGS)",
					"-DFOLLY_NO_CONFIG",
					"-DFOLLY_MOBILE=1",
					"-DFOLLY_USE_LIBCPP=1",
					"-DFOLLY_CFG_NO_COROUTINES=1",
				);
				SDKROOT = iphoneos;
			};
			name = Debug;
		};
		83CBBA211A601CBA00E9B192 /* Release */ = {
			isa = XCBuildConfiguration;
			buildSettings = {
				ALWAYS_SEARCH_USER_PATHS = NO;
				CLANG_ANALYZER_LOCALIZABILITY_NONLOCALIZED = YES;
				CLANG_CXX_LANGUAGE_STANDARD = "c++20";
				CLANG_CXX_LIBRARY = "libc++";
				CLANG_ENABLE_MODULES = YES;
				CLANG_ENABLE_OBJC_ARC = YES;
				CLANG_WARN_BLOCK_CAPTURE_AUTORELEASING = YES;
				CLANG_WARN_BOOL_CONVERSION = YES;
				CLANG_WARN_COMMA = YES;
				CLANG_WARN_CONSTANT_CONVERSION = YES;
				CLANG_WARN_DEPRECATED_OBJC_IMPLEMENTATIONS = YES;
				CLANG_WARN_DIRECT_OBJC_ISA_USAGE = YES_ERROR;
				CLANG_WARN_EMPTY_BODY = YES;
				CLANG_WARN_ENUM_CONVERSION = YES;
				CLANG_WARN_INFINITE_RECURSION = YES;
				CLANG_WARN_INT_CONVERSION = YES;
				CLANG_WARN_NON_LITERAL_NULL_CONVERSION = YES;
				CLANG_WARN_OBJC_IMPLICIT_RETAIN_SELF = YES;
				CLANG_WARN_OBJC_LITERAL_CONVERSION = YES;
				CLANG_WARN_OBJC_ROOT_CLASS = YES_ERROR;
				CLANG_WARN_QUOTED_INCLUDE_IN_FRAMEWORK_HEADER = YES;
				CLANG_WARN_RANGE_LOOP_ANALYSIS = YES;
				CLANG_WARN_STRICT_PROTOTYPES = YES;
				CLANG_WARN_SUSPICIOUS_MOVE = YES;
				CLANG_WARN_UNREACHABLE_CODE = YES;
				CLANG_WARN__DUPLICATE_METHOD_MATCH = YES;
				"CODE_SIGN_IDENTITY[sdk=iphoneos*]" = "iPhone Developer";
				COPY_PHASE_STRIP = YES;
				ENABLE_NS_ASSERTIONS = NO;
				ENABLE_STRICT_OBJC_MSGSEND = YES;
				"EXCLUDED_ARCHS[sdk=iphonesimulator*]" = "";
				GCC_C_LANGUAGE_STANDARD = gnu99;
				GCC_NO_COMMON_BLOCKS = YES;
				GCC_WARN_64_TO_32_BIT_CONVERSION = YES;
				GCC_WARN_ABOUT_RETURN_TYPE = YES_ERROR;
				GCC_WARN_UNDECLARED_SELECTOR = YES;
				GCC_WARN_UNINITIALIZED_AUTOS = YES_AGGRESSIVE;
				GCC_WARN_UNUSED_FUNCTION = YES;
				GCC_WARN_UNUSED_VARIABLE = YES;
				IPHONEOS_DEPLOYMENT_TARGET = 13.4;
				LD_RUNPATH_SEARCH_PATHS = (
					/usr/lib/swift,
					"$(inherited)",
				);
				LIBRARY_SEARCH_PATHS = (
					"\"$(SDKROOT)/usr/lib/swift\"",
					"\"$(TOOLCHAIN_DIR)/usr/lib/swift/$(PLATFORM_NAME)\"",
					"\"$(inherited)\"",
				);
				MTL_ENABLE_DEBUG_INFO = NO;
				OTHER_CPLUSPLUSFLAGS = (
					"$(OTHER_CFLAGS)",
					"-DFOLLY_NO_CONFIG",
					"-DFOLLY_MOBILE=1",
					"-DFOLLY_USE_LIBCPP=1",
					"-DFOLLY_CFG_NO_COROUTINES=1",
				);
				SDKROOT = iphoneos;
				VALIDATE_PRODUCT = YES;
			};
			name = Release;
		};
/* End XCBuildConfiguration section */

/* Begin XCConfigurationList section */
		00E357021AD99517003FC87E /* Build configuration list for PBXNativeTarget "MovieAppTests" */ = {
			isa = XCConfigurationList;
			buildConfigurations = (
				00E356F61AD99517003FC87E /* Debug */,
				00E356F71AD99517003FC87E /* Release */,
			);
			defaultConfigurationIsVisible = 0;
			defaultConfigurationName = Release;
		};
		13B07F931A680F5B00A75B9A /* Build configuration list for PBXNativeTarget "MovieApp" */ = {
			isa = XCConfigurationList;
			buildConfigurations = (
				13B07F941A680F5B00A75B9A /* Debug */,
				13B07F951A680F5B00A75B9A /* Release */,
			);
			defaultConfigurationIsVisible = 0;
			defaultConfigurationName = Release;
		};
		83CBB9FA1A601CBA00E9B192 /* Build configuration list for PBXProject "MovieApp" */ = {
			isa = XCConfigurationList;
			buildConfigurations = (
				83CBBA201A601CBA00E9B192 /* Debug */,
				83CBBA211A601CBA00E9B192 /* Release */,
			);
			defaultConfigurationIsVisible = 0;
			defaultConfigurationName = Release;
		};
/* End XCConfigurationList section */
	};
	rootObject = 83CBB9F71A601CBA00E9B192 /* Project object */;
}
